// !$*UTF8*$!
{
	archiveVersion = 1;
	classes = {
	};
	objectVersion = 46;
	objects = {

/* Begin PBXBuildFile section */
		989C85AC1289F35AE32D044C /* Pods_Shopify_Mobile_Dev_Intern.framework in Frameworks */ = {isa = PBXBuildFile; fileRef = 9BDD3350F156AA35BE101E84 /* Pods_Shopify_Mobile_Dev_Intern.framework */; };
		D145D61D1F5F1F04001E59F7 /* AppDelegate.swift in Sources */ = {isa = PBXBuildFile; fileRef = D145D61C1F5F1F04001E59F7 /* AppDelegate.swift */; };
		D145D6221F5F1F05001E59F7 /* Main.storyboard in Resources */ = {isa = PBXBuildFile; fileRef = D145D6201F5F1F05001E59F7 /* Main.storyboard */; };
		D145D6241F5F1F05001E59F7 /* Assets.xcassets in Resources */ = {isa = PBXBuildFile; fileRef = D145D6231F5F1F05001E59F7 /* Assets.xcassets */; };
		D145D6271F5F1F05001E59F7 /* LaunchScreen.storyboard in Resources */ = {isa = PBXBuildFile; fileRef = D145D6251F5F1F05001E59F7 /* LaunchScreen.storyboard */; };
		D145D62F1F5F1F5A001E59F7 /* NetworkManager.swift in Sources */ = {isa = PBXBuildFile; fileRef = D145D62E1F5F1F5A001E59F7 /* NetworkManager.swift */; };
		D145D6311F5F22CE001E59F7 /* ViewController.swift in Sources */ = {isa = PBXBuildFile; fileRef = D145D6301F5F22CE001E59F7 /* ViewController.swift */; };
/* End PBXBuildFile section */

/* Begin PBXFileReference section */
		254753322B217B27B3C5C0CB /* Pods-Shopify-Mobile-Dev-Intern.release.xcconfig */ = {isa = PBXFileReference; includeInIndex = 1; lastKnownFileType = text.xcconfig; name = "Pods-Shopify-Mobile-Dev-Intern.release.xcconfig"; path = "Pods/Target Support Files/Pods-Shopify-Mobile-Dev-Intern/Pods-Shopify-Mobile-Dev-Intern.release.xcconfig"; sourceTree = "<group>"; };
		28E6A2D030B08FBC9410C45D /* Pods-Shopify-Mobile-Dev-Intern.debug.xcconfig */ = {isa = PBXFileReference; includeInIndex = 1; lastKnownFileType = text.xcconfig; name = "Pods-Shopify-Mobile-Dev-Intern.debug.xcconfig"; path = "Pods/Target Support Files/Pods-Shopify-Mobile-Dev-Intern/Pods-Shopify-Mobile-Dev-Intern.debug.xcconfig"; sourceTree = "<group>"; };
		9BDD3350F156AA35BE101E84 /* Pods_Shopify_Mobile_Dev_Intern.framework */ = {isa = PBXFileReference; explicitFileType = wrapper.framework; includeInIndex = 0; path = Pods_Shopify_Mobile_Dev_Intern.framework; sourceTree = BUILT_PRODUCTS_DIR; };
		D145D6191F5F1F04001E59F7 /* Shopify-Mobile-Dev-Intern.app */ = {isa = PBXFileReference; explicitFileType = wrapper.application; includeInIndex = 0; path = "Shopify-Mobile-Dev-Intern.app"; sourceTree = BUILT_PRODUCTS_DIR; };
		D145D61C1F5F1F04001E59F7 /* AppDelegate.swift */ = {isa = PBXFileReference; lastKnownFileType = sourcecode.swift; path = AppDelegate.swift; sourceTree = "<group>"; };
		D145D6211F5F1F05001E59F7 /* Base */ = {isa = PBXFileReference; lastKnownFileType = file.storyboard; name = Base; path = Base.lproj/Main.storyboard; sourceTree = "<group>"; };
		D145D6231F5F1F05001E59F7 /* Assets.xcassets */ = {isa = PBXFileReference; lastKnownFileType = folder.assetcatalog; path = Assets.xcassets; sourceTree = "<group>"; };
		D145D6261F5F1F05001E59F7 /* Base */ = {isa = PBXFileReference; lastKnownFileType = file.storyboard; name = Base; path = Base.lproj/LaunchScreen.storyboard; sourceTree = "<group>"; };
		D145D6281F5F1F05001E59F7 /* Info.plist */ = {isa = PBXFileReference; lastKnownFileType = text.plist.xml; path = Info.plist; sourceTree = "<group>"; };
		D145D62E1F5F1F5A001E59F7 /* NetworkManager.swift */ = {isa = PBXFileReference; fileEncoding = 4; lastKnownFileType = sourcecode.swift; path = NetworkManager.swift; sourceTree = "<group>"; };
		D145D6301F5F22CE001E59F7 /* ViewController.swift */ = {isa = PBXFileReference; fileEncoding = 4; lastKnownFileType = sourcecode.swift; path = ViewController.swift; sourceTree = "<group>"; };
/* End PBXFileReference section */

/* Begin PBXFrameworksBuildPhase section */
		D145D6161F5F1F04001E59F7 /* Frameworks */ = {
			isa = PBXFrameworksBuildPhase;
			buildActionMask = 2147483647;
			files = (
				989C85AC1289F35AE32D044C /* Pods_Shopify_Mobile_Dev_Intern.framework in Frameworks */,
			);
			runOnlyForDeploymentPostprocessing = 0;
		};
/* End PBXFrameworksBuildPhase section */

/* Begin PBXGroup section */
		147240A841F3EF7EF289EBE3 /* Pods */ = {
			isa = PBXGroup;
			children = (
				28E6A2D030B08FBC9410C45D /* Pods-Shopify-Mobile-Dev-Intern.debug.xcconfig */,
				254753322B217B27B3C5C0CB /* Pods-Shopify-Mobile-Dev-Intern.release.xcconfig */,
			);
			name = Pods;
			sourceTree = "<group>";
		};
		1B1A37A525372F1B30577193 /* Frameworks */ = {
			isa = PBXGroup;
			children = (
				9BDD3350F156AA35BE101E84 /* Pods_Shopify_Mobile_Dev_Intern.framework */,
			);
			name = Frameworks;
			sourceTree = "<group>";
		};
		D145D6101F5F1F04001E59F7 = {
			isa = PBXGroup;
			children = (
				D145D61B1F5F1F04001E59F7 /* Shopify-Mobile-Dev-Intern */,
				D145D61A1F5F1F04001E59F7 /* Products */,
				147240A841F3EF7EF289EBE3 /* Pods */,
				1B1A37A525372F1B30577193 /* Frameworks */,
			);
			sourceTree = "<group>";
		};
		D145D61A1F5F1F04001E59F7 /* Products */ = {
			isa = PBXGroup;
			children = (
				D145D6191F5F1F04001E59F7 /* Shopify-Mobile-Dev-Intern.app */,
			);
			name = Products;
			sourceTree = "<group>";
		};
		D145D61B1F5F1F04001E59F7 /* Shopify-Mobile-Dev-Intern */ = {
			isa = PBXGroup;
			children = (
				D145D61C1F5F1F04001E59F7 /* AppDelegate.swift */,
				D145D62E1F5F1F5A001E59F7 /* NetworkManager.swift */,
				D145D6301F5F22CE001E59F7 /* ViewController.swift */,
				D145D6201F5F1F05001E59F7 /* Main.storyboard */,
				D145D6231F5F1F05001E59F7 /* Assets.xcassets */,
				D145D6251F5F1F05001E59F7 /* LaunchScreen.storyboard */,
				D145D6281F5F1F05001E59F7 /* Info.plist */,
			);
			path = "Shopify-Mobile-Dev-Intern";
			sourceTree = "<group>";
		};
/* End PBXGroup section */

/* Begin PBXNativeTarget section */
		D145D6181F5F1F04001E59F7 /* Shopify-Mobile-Dev-Intern */ = {
			isa = PBXNativeTarget;
			buildConfigurationList = D145D62B1F5F1F05001E59F7 /* Build configuration list for PBXNativeTarget "Shopify-Mobile-Dev-Intern" */;
			buildPhases = (
				1ECFBBD2B8988171A34E188E /* [CP] Check Pods Manifest.lock */,
				D145D6151F5F1F04001E59F7 /* Sources */,
				D145D6161F5F1F04001E59F7 /* Frameworks */,
				D145D6171F5F1F04001E59F7 /* Resources */,
				E4A1592E2176105B429F1B46 /* [CP] Embed Pods Frameworks */,
				AA36B67C23720FCA9667C3EF /* [CP] Copy Pods Resources */,
			);
			buildRules = (
			);
			dependencies = (
			);
			name = "Shopify-Mobile-Dev-Intern";
			productName = "Shopify-Mobile-Dev-Intern";
			productReference = D145D6191F5F1F04001E59F7 /* Shopify-Mobile-Dev-Intern.app */;
			productType = "com.apple.product-type.application";
		};
/* End PBXNativeTarget section */

/* Begin PBXProject section */
		D145D6111F5F1F04001E59F7 /* Project object */ = {
			isa = PBXProject;
			attributes = {
				LastSwiftUpdateCheck = 0830;
				LastUpgradeCheck = 0830;
				ORGANIZATIONNAME = "Errol Cheong";
				TargetAttributes = {
					D145D6181F5F1F04001E59F7 = {
						CreatedOnToolsVersion = 8.3.3;
						DevelopmentTeam = 62G7WYJ46U;
						ProvisioningStyle = Automatic;
					};
				};
			};
			buildConfigurationList = D145D6141F5F1F04001E59F7 /* Build configuration list for PBXProject "Shopify-Mobile-Dev-Intern" */;
			compatibilityVersion = "Xcode 3.2";
			developmentRegion = English;
			hasScannedForEncodings = 0;
			knownRegions = (
				en,
				Base,
			);
			mainGroup = D145D6101F5F1F04001E59F7;
			productRefGroup = D145D61A1F5F1F04001E59F7 /* Products */;
			projectDirPath = "";
			projectRoot = "";
			targets = (
				D145D6181F5F1F04001E59F7 /* Shopify-Mobile-Dev-Intern */,
			);
		};
/* End PBXProject section */

/* Begin PBXResourcesBuildPhase section */
		D145D6171F5F1F04001E59F7 /* Resources */ = {
			isa = PBXResourcesBuildPhase;
			buildActionMask = 2147483647;
			files = (
				D145D6271F5F1F05001E59F7 /* LaunchScreen.storyboard in Resources */,
				D145D6241F5F1F05001E59F7 /* Assets.xcassets in Resources */,
				D145D6221F5F1F05001E59F7 /* Main.storyboard in Resources */,
			);
			runOnlyForDeploymentPostprocessing = 0;
		};
/* End PBXResourcesBuildPhase section */

/* Begin PBXShellScriptBuildPhase section */
		1ECFBBD2B8988171A34E188E /* [CP] Check Pods Manifest.lock */ = {
			isa = PBXShellScriptBuildPhase;
			buildActionMask = 2147483647;
			files = (
			);
			inputPaths = (
			);
			name = "[CP] Check Pods Manifest.lock";
			outputPaths = (
			);
			runOnlyForDeploymentPostprocessing = 0;
			shellPath = /bin/sh;
			shellScript = "diff \"${PODS_PODFILE_DIR_PATH}/Podfile.lock\" \"${PODS_ROOT}/Manifest.lock\" > /dev/null\nif [ $? != 0 ] ; then\n    # print error to STDERR\n    echo \"error: The sandbox is not in sync with the Podfile.lock. Run 'pod install' or update your CocoaPods installation.\" >&2\n    exit 1\nfi\n";
			showEnvVarsInLog = 0;
		};
		AA36B67C23720FCA9667C3EF /* [CP] Copy Pods Resources */ = {
			isa = PBXShellScriptBuildPhase;
			buildActionMask = 2147483647;
			files = (
			);
			inputPaths = (
			);
			name = "[CP] Copy Pods Resources";
			outputPaths = (
			);
			runOnlyForDeploymentPostprocessing = 0;
			shellPath = /bin/sh;
			shellScript = "\"${SRCROOT}/Pods/Target Support Files/Pods-Shopify-Mobile-Dev-Intern/Pods-Shopify-Mobile-Dev-Intern-resources.sh\"\n";
			showEnvVarsInLog = 0;
		};
		E4A1592E2176105B429F1B46 /* [CP] Embed Pods Frameworks */ = {
			isa = PBXShellScriptBuildPhase;
			buildActionMask = 2147483647;
			files = (
			);
			inputPaths = (
			);
			name = "[CP] Embed Pods Frameworks";
			outputPaths = (
			);
			runOnlyForDeploymentPostprocessing = 0;
			shellPath = /bin/sh;
			shellScript = "\"${SRCROOT}/Pods/Target Support Files/Pods-Shopify-Mobile-Dev-Intern/Pods-Shopify-Mobile-Dev-Intern-frameworks.sh\"\n";
			showEnvVarsInLog = 0;
		};
/* End PBXShellScriptBuildPhase section */

/* Begin PBXSourcesBuildPhase section */
		D145D6151F5F1F04001E59F7 /* Sources */ = {
			isa = PBXSourcesBuildPhase;
			buildActionMask = 2147483647;
			files = (
				D145D6311F5F22CE001E59F7 /* ViewController.swift in Sources */,
				D145D62F1F5F1F5A001E59F7 /* NetworkManager.swift in Sources */,
				D145D61D1F5F1F04001E59F7 /* AppDelegate.swift in Sources */,
			);
			runOnlyForDeploymentPostprocessing = 0;
		};
/* End PBXSourcesBuildPhase section */

/* Begin PBXVariantGroup section */
		D145D6201F5F1F05001E59F7 /* Main.storyboard */ = {
			isa = PBXVariantGroup;
			children = (
				D145D6211F5F1F05001E59F7 /* Base */,
			);
			name = Main.storyboard;
			sourceTree = "<group>";
		};
		D145D6251F5F1F05001E59F7 /* LaunchScreen.storyboard */ = {
			isa = PBXVariantGroup;
			children = (
				D145D6261F5F1F05001E59F7 /* Base */,
			);
			name = LaunchScreen.storyboard;
			sourceTree = "<group>";
		};
/* End PBXVariantGroup section */

/* Begin XCBuildConfiguration section */
		D145D6291F5F1F05001E59F7 /* Debug */ = {
			isa = XCBuildConfiguration;
			buildSettings = {
				ALWAYS_SEARCH_USER_PATHS = NO;
				CLANG_ANALYZER_NONNULL = YES;
				CLANG_ANALYZER_NUMBER_OBJECT_CONVERSION = YES_AGGRESSIVE;
				CLANG_CXX_LANGUAGE_STANDARD = "gnu++0x";
				CLANG_CXX_LIBRARY = "libc++";
				CLANG_ENABLE_MODULES = YES;
				CLANG_ENABLE_OBJC_ARC = YES;
				CLANG_WARN_BOOL_CONVERSION = YES;
				CLANG_WARN_CONSTANT_CONVERSION = YES;
				CLANG_WARN_DIRECT_OBJC_ISA_USAGE = YES_ERROR;
				CLANG_WARN_DOCUMENTATION_COMMENTS = YES;
				CLANG_WARN_EMPTY_BODY = YES;
				CLANG_WARN_ENUM_CONVERSION = YES;
				CLANG_WARN_INFINITE_RECURSION = YES;
				CLANG_WARN_INT_CONVERSION = YES;
				CLANG_WARN_OBJC_ROOT_CLASS = YES_ERROR;
				CLANG_WARN_SUSPICIOUS_MOVE = YES;
				CLANG_WARN_UNREACHABLE_CODE = YES;
				CLANG_WARN__DUPLICATE_METHOD_MATCH = YES;
				"CODE_SIGN_IDENTITY[sdk=iphoneos*]" = "iPhone Developer";
				COPY_PHASE_STRIP = NO;
				DEBUG_INFORMATION_FORMAT = dwarf;
				ENABLE_STRICT_OBJC_MSGSEND = YES;
				ENABLE_TESTABILITY = YES;
				GCC_C_LANGUAGE_STANDARD = gnu99;
				GCC_DYNAMIC_NO_PIC = NO;
				GCC_NO_COMMON_BLOCKS = YES;
				GCC_OPTIMIZATION_LEVEL = 0;
				GCC_PREPROCESSOR_DEFINITIONS = (
					"DEBUG=1",
					"$(inherited)",
				);
				GCC_WARN_64_TO_32_BIT_CONVERSION = YES;
				GCC_WARN_ABOUT_RETURN_TYPE = YES_ERROR;
				GCC_WARN_UNDECLARED_SELECTOR = YES;
				GCC_WARN_UNINITIALIZED_AUTOS = YES_AGGRESSIVE;
				GCC_WARN_UNUSED_FUNCTION = YES;
				GCC_WARN_UNUSED_VARIABLE = YES;
				IPHONEOS_DEPLOYMENT_TARGET = 10.3;
				MTL_ENABLE_DEBUG_INFO = YES;
				ONLY_ACTIVE_ARCH = YES;
				SDKROOT = iphoneos;
				SWIFT_ACTIVE_COMPILATION_CONDITIONS = DEBUG;
				SWIFT_OPTIMIZATION_LEVEL = "-Onone";
			};
			name = Debug;
		};
		D145D62A1F5F1F05001E59F7 /* Release */ = {
			isa = XCBuildConfiguration;
			buildSettings = {
				ALWAYS_SEARCH_USER_PATHS = NO;
				CLANG_ANALYZER_NONNULL = YES;
				CLANG_ANALYZER_NUMBER_OBJECT_CONVERSION = YES_AGGRESSIVE;
				CLANG_CXX_LANGUAGE_STANDARD = "gnu++0x";
				CLANG_CXX_LIBRARY = "libc++";
				CLANG_ENABLE_MODULES = YES;
				CLANG_ENABLE_OBJC_ARC = YES;
				CLANG_WARN_BOOL_CONVERSION = YES;
				CLANG_WARN_CONSTANT_CONVERSION = YES;
				CLANG_WARN_DIRECT_OBJC_ISA_USAGE = YES_ERROR;
				CLANG_WARN_DOCUMENTATION_COMMENTS = YES;
				CLANG_WARN_EMPTY_BODY = YES;
				CLANG_WARN_ENUM_CONVERSION = YES;
				CLANG_WARN_INFINITE_RECURSION = YES;
				CLANG_WARN_INT_CONVERSION = YES;
				CLANG_WARN_OBJC_ROOT_CLASS = YES_ERROR;
				CLANG_WARN_SUSPICIOUS_MOVE = YES;
				CLANG_WARN_UNREACHABLE_CODE = YES;
				CLANG_WARN__DUPLICATE_METHOD_MATCH = YES;
				"CODE_SIGN_IDENTITY[sdk=iphoneos*]" = "iPhone Developer";
				COPY_PHASE_STRIP = NO;
				DEBUG_INFORMATION_FORMAT = "dwarf-with-dsym";
				ENABLE_NS_ASSERTIONS = NO;
				ENABLE_STRICT_OBJC_MSGSEND = YES;
				GCC_C_LANGUAGE_STANDARD = gnu99;
				GCC_NO_COMMON_BLOCKS = YES;
				GCC_WARN_64_TO_32_BIT_CONVERSION = YES;
				GCC_WARN_ABOUT_RETURN_TYPE = YES_ERROR;
				GCC_WARN_UNDECLARED_SELECTOR = YES;
				GCC_WARN_UNINITIALIZED_AUTOS = YES_AGGRESSIVE;
				GCC_WARN_UNUSED_FUNCTION = YES;
				GCC_WARN_UNUSED_VARIABLE = YES;
				IPHONEOS_DEPLOYMENT_TARGET = 10.3;
				MTL_ENABLE_DEBUG_INFO = NO;
				SDKROOT = iphoneos;
				SWIFT_OPTIMIZATION_LEVEL = "-Owholemodule";
				VALIDATE_PRODUCT = YES;
			};
			name = Release;
		};
		D145D62C1F5F1F05001E59F7 /* Debug */ = {
			isa = XCBuildConfiguration;
			baseConfigurationReference = 28E6A2D030B08FBC9410C45D /* Pods-Shopify-Mobile-Dev-Intern.debug.xcconfig */;
			buildSettings = {
				ASSETCATALOG_COMPILER_APPICON_NAME = AppIcon;
				DEVELOPMENT_TEAM = 62G7WYJ46U;
				INFOPLIST_FILE = "Shopify-Mobile-Dev-Intern/Info.plist";
				LD_RUNPATH_SEARCH_PATHS = "$(inherited) @executable_path/Frameworks";
				PRODUCT_BUNDLE_IDENTIFIER = "com.errolcheong.Shopify-Mobile-Dev-Intern";
				PRODUCT_NAME = "$(TARGET_NAME)";
				SWIFT_VERSION = 3.0;
			};
			name = Debug;
		};
		D145D62D1F5F1F05001E59F7 /* Release */ = {
			isa = XCBuildConfiguration;
			baseConfigurationReference = 254753322B217B27B3C5C0CB /* Pods-Shopify-Mobile-Dev-Intern.release.xcconfig */;
			buildSettings = {
				ASSETCATALOG_COMPILER_APPICON_NAME = AppIcon;
				DEVELOPMENT_TEAM = 62G7WYJ46U;
				INFOPLIST_FILE = "Shopify-Mobile-Dev-Intern/Info.plist";
				LD_RUNPATH_SEARCH_PATHS = "$(inherited) @executable_path/Frameworks";
				PRODUCT_BUNDLE_IDENTIFIER = "com.errolcheong.Shopify-Mobile-Dev-Intern";
				PRODUCT_NAME = "$(TARGET_NAME)";
				SWIFT_VERSION = 3.0;
			};
			name = Release;
		};
/* End XCBuildConfiguration section */

/* Begin XCConfigurationList section */
		D145D6141F5F1F04001E59F7 /* Build configuration list for PBXProject "Shopify-Mobile-Dev-Intern" */ = {
			isa = XCConfigurationList;
			buildConfigurations = (
				D145D6291F5F1F05001E59F7 /* Debug */,
				D145D62A1F5F1F05001E59F7 /* Release */,
			);
			defaultConfigurationIsVisible = 0;
			defaultConfigurationName = Release;
		};
		D145D62B1F5F1F05001E59F7 /* Build configuration list for PBXNativeTarget "Shopify-Mobile-Dev-Intern" */ = {
			isa = XCConfigurationList;
			buildConfigurations = (
				D145D62C1F5F1F05001E59F7 /* Debug */,
				D145D62D1F5F1F05001E59F7 /* Release */,
			);
			defaultConfigurationIsVisible = 0;
		};
/* End XCConfigurationList section */
	};
	rootObject = D145D6111F5F1F04001E59F7 /* Project object */;
}
